
Microsoft Visual Studio Solution File, Format Version 12.00
# Visual Studio Version 16
VisualStudioVersion = 16.0.31321.278
MinimumVisualStudioVersion = 10.0.40219.1
Project("{FAE04EC0-301F-11D3-BF4B-00C04F79EFBC}") = "WindowsFormsApp4", "WindowsFormsApp4\WindowsFormsApp4.csproj", "{44DBF23A-E667-4898-B487-C5CFCD4390AB}"
EndProject
Global
	GlobalSection(SolutionConfigurationPlatforms) = preSolution
		Debug|Any CPU = Debug|Any CPU
		Release|Any CPU = Release|Any CPU
	EndGlobalSection
	GlobalSection(ProjectConfigurationPlatforms) = postSolution
		{44DBF23A-E667-4898-B487-C5CFCD4390AB}.Debug|Any CPU.ActiveCfg = Debug|Any CPU
		{44DBF23A-E667-4898-B487-C5CFCD4390AB}.Debug|Any CPU.Build.0 = Debug|Any CPU
		{44DBF23A-E667-4898-B487-C5CFCD4390AB}.Release|Any CPU.ActiveCfg = Release|Any CPU
		{44DBF23A-E667-4898-B487-C5CFCD4390AB}.Release|Any CPU.Build.0 = Release|Any CPU
	EndGlobalSection
	GlobalSection(SolutionProperties) = preSolution
		HideSolutionNode = FALSE
	EndGlobalSection
	GlobalSection(ExtensibilityGlobals) = postSolution
		SolutionGuid = {3DCDAA9A-73AA-406B-8E6B-4B0D7B63DF94}
	EndGlobalSection
EndGlobal
